// !$*UTF8*$!
{
	archiveVersion = 1;
	classes = {
	};
	objectVersion = 55;
	objects = {

/* Begin PBXBuildFile section */
		B29FCD562740DC3600FD2DB0 /* AppDelegate.swift in Sources */ = {isa = PBXBuildFile; fileRef = B29FCD552740DC3600FD2DB0 /* AppDelegate.swift */; };
		B29FCD582740DC3600FD2DB0 /* SceneDelegate.swift in Sources */ = {isa = PBXBuildFile; fileRef = B29FCD572740DC3600FD2DB0 /* SceneDelegate.swift */; };
		B29FCD5A2740DC3600FD2DB0 /* ViewController.swift in Sources */ = {isa = PBXBuildFile; fileRef = B29FCD592740DC3600FD2DB0 /* ViewController.swift */; };
		B29FCD5D2740DC3600FD2DB0 /* Main.storyboard in Resources */ = {isa = PBXBuildFile; fileRef = B29FCD5B2740DC3600FD2DB0 /* Main.storyboard */; };
		B29FCD5F2740DC3A00FD2DB0 /* Assets.xcassets in Resources */ = {isa = PBXBuildFile; fileRef = B29FCD5E2740DC3A00FD2DB0 /* Assets.xcassets */; };
		B29FCD622740DC3A00FD2DB0 /* LaunchScreen.storyboard in Resources */ = {isa = PBXBuildFile; fileRef = B29FCD602740DC3A00FD2DB0 /* LaunchScreen.storyboard */; };
		B29FCD6B2740DC8600FD2DB0 /* Category.swift in Sources */ = {isa = PBXBuildFile; fileRef = B29FCD6A2740DC8600FD2DB0 /* Category.swift */; };
		B29FCD6D2740DCAD00FD2DB0 /* DataStore.swift in Sources */ = {isa = PBXBuildFile; fileRef = B29FCD6C2740DCAD00FD2DB0 /* DataStore.swift */; };
		B29FCD712740DFE500FD2DB0 /* CategoryMainTableViewController.swift in Sources */ = {isa = PBXBuildFile; fileRef = B29FCD702740DFE500FD2DB0 /* CategoryMainTableViewController.swift */; };
		B29FCD732740E1DD00FD2DB0 /* Extensions.swift in Sources */ = {isa = PBXBuildFile; fileRef = B29FCD722740E1DD00FD2DB0 /* Extensions.swift */; };
		B29FCD752740E22E00FD2DB0 /* CategoryCRUViewController.swift in Sources */ = {isa = PBXBuildFile; fileRef = B29FCD742740E22E00FD2DB0 /* CategoryCRUViewController.swift */; };
		B29FCD782740E92F00FD2DB0 /* CompanyMainTableViewController.swift in Sources */ = {isa = PBXBuildFile; fileRef = B29FCD772740E92F00FD2DB0 /* CompanyMainTableViewController.swift */; };
		B29FCD7B2740E95F00FD2DB0 /* CompanyCRUViewController.swift in Sources */ = {isa = PBXBuildFile; fileRef = B29FCD7A2740E95F00FD2DB0 /* CompanyCRUViewController.swift */; };
		B29FCD7D2740EAA800FD2DB0 /* Company.swift in Sources */ = {isa = PBXBuildFile; fileRef = B29FCD7C2740EAA800FD2DB0 /* Company.swift */; };
		B29FCD7F2741023C00FD2DB0 /* Customer.swift in Sources */ = {isa = PBXBuildFile; fileRef = B29FCD7E2741023C00FD2DB0 /* Customer.swift */; };
		B29FCD8227411B4B00FD2DB0 /* CustomerMainTableViewController.swift in Sources */ = {isa = PBXBuildFile; fileRef = B29FCD8127411B4B00FD2DB0 /* CustomerMainTableViewController.swift */; };
		B29FCD8427411B7D00FD2DB0 /* CustomerCRUViewController.swift in Sources */ = {isa = PBXBuildFile; fileRef = B29FCD8327411B7D00FD2DB0 /* CustomerCRUViewController.swift */; };
		B29FCD872741258500FD2DB0 /* StockMainTableViewController.swift in Sources */ = {isa = PBXBuildFile; fileRef = B29FCD862741258500FD2DB0 /* StockMainTableViewController.swift */; };
		B29FCD89274125CB00FD2DB0 /* StockCRUViewController.swift in Sources */ = {isa = PBXBuildFile; fileRef = B29FCD88274125CB00FD2DB0 /* StockCRUViewController.swift */; };
		B29FCD8B274126AF00FD2DB0 /* Stock.swift in Sources */ = {isa = PBXBuildFile; fileRef = B29FCD8A274126AF00FD2DB0 /* Stock.swift */; };
		B2C72EBD2742E6E0005411F8 /* Order.swift in Sources */ = {isa = PBXBuildFile; fileRef = B2C72EBC2742E6E0005411F8 /* Order.swift */; };
		B2C72EBF2742F662005411F8 /* SearchStockViewController.swift in Sources */ = {isa = PBXBuildFile; fileRef = B2C72EBE2742F662005411F8 /* SearchStockViewController.swift */; };
		B2C72EC1274301CF005411F8 /* SearchStockResultsTableViewCell.swift in Sources */ = {isa = PBXBuildFile; fileRef = B2C72EC0274301CF005411F8 /* SearchStockResultsTableViewCell.swift */; };
		B2C72EC627431D40005411F8 /* OrderMainTableViewController.swift in Sources */ = {isa = PBXBuildFile; fileRef = B2C72EC527431D40005411F8 /* OrderMainTableViewController.swift */; };
		B2C72EC8274322FC005411F8 /* OrderCreateViewController.swift in Sources */ = {isa = PBXBuildFile; fileRef = B2C72EC7274322FC005411F8 /* OrderCreateViewController.swift */; };
		B2C72ECA27447D5D005411F8 /* OrderDetailViewController.swift in Sources */ = {isa = PBXBuildFile; fileRef = B2C72EC927447D5D005411F8 /* OrderDetailViewController.swift */; };
/* End PBXBuildFile section */

/* Begin PBXFileReference section */
		B29FCD522740DC3600FD2DB0 /* assignment8.app */ = {isa = PBXFileReference; explicitFileType = wrapper.application; includeInIndex = 0; path = assignment8.app; sourceTree = BUILT_PRODUCTS_DIR; };
		B29FCD552740DC3600FD2DB0 /* AppDelegate.swift */ = {isa = PBXFileReference; lastKnownFileType = sourcecode.swift; path = AppDelegate.swift; sourceTree = "<group>"; };
		B29FCD572740DC3600FD2DB0 /* SceneDelegate.swift */ = {isa = PBXFileReference; lastKnownFileType = sourcecode.swift; path = SceneDelegate.swift; sourceTree = "<group>"; };
		B29FCD592740DC3600FD2DB0 /* ViewController.swift */ = {isa = PBXFileReference; lastKnownFileType = sourcecode.swift; path = ViewController.swift; sourceTree = "<group>"; };
		B29FCD5C2740DC3600FD2DB0 /* Base */ = {isa = PBXFileReference; lastKnownFileType = file.storyboard; name = Base; path = Base.lproj/Main.storyboard; sourceTree = "<group>"; };
		B29FCD5E2740DC3A00FD2DB0 /* Assets.xcassets */ = {isa = PBXFileReference; lastKnownFileType = folder.assetcatalog; path = Assets.xcassets; sourceTree = "<group>"; };
		B29FCD612740DC3A00FD2DB0 /* Base */ = {isa = PBXFileReference; lastKnownFileType = file.storyboard; name = Base; path = Base.lproj/LaunchScreen.storyboard; sourceTree = "<group>"; };
		B29FCD632740DC3A00FD2DB0 /* Info.plist */ = {isa = PBXFileReference; lastKnownFileType = text.plist.xml; path = Info.plist; sourceTree = "<group>"; };
		B29FCD6A2740DC8600FD2DB0 /* Category.swift */ = {isa = PBXFileReference; lastKnownFileType = sourcecode.swift; path = Category.swift; sourceTree = "<group>"; };
		B29FCD6C2740DCAD00FD2DB0 /* DataStore.swift */ = {isa = PBXFileReference; lastKnownFileType = sourcecode.swift; path = DataStore.swift; sourceTree = "<group>"; };
		B29FCD702740DFE500FD2DB0 /* CategoryMainTableViewController.swift */ = {isa = PBXFileReference; lastKnownFileType = sourcecode.swift; path = CategoryMainTableViewController.swift; sourceTree = "<group>"; };
		B29FCD722740E1DD00FD2DB0 /* Extensions.swift */ = {isa = PBXFileReference; lastKnownFileType = sourcecode.swift; path = Extensions.swift; sourceTree = "<group>"; };
		B29FCD742740E22E00FD2DB0 /* CategoryCRUViewController.swift */ = {isa = PBXFileReference; lastKnownFileType = sourcecode.swift; path = CategoryCRUViewController.swift; sourceTree = "<group>"; };
		B29FCD772740E92F00FD2DB0 /* CompanyMainTableViewController.swift */ = {isa = PBXFileReference; lastKnownFileType = sourcecode.swift; path = CompanyMainTableViewController.swift; sourceTree = "<group>"; };
		B29FCD7A2740E95F00FD2DB0 /* CompanyCRUViewController.swift */ = {isa = PBXFileReference; lastKnownFileType = sourcecode.swift; path = CompanyCRUViewController.swift; sourceTree = "<group>"; };
		B29FCD7C2740EAA800FD2DB0 /* Company.swift */ = {isa = PBXFileReference; lastKnownFileType = sourcecode.swift; path = Company.swift; sourceTree = "<group>"; };
		B29FCD7E2741023C00FD2DB0 /* Customer.swift */ = {isa = PBXFileReference; lastKnownFileType = sourcecode.swift; path = Customer.swift; sourceTree = "<group>"; };
		B29FCD8127411B4B00FD2DB0 /* CustomerMainTableViewController.swift */ = {isa = PBXFileReference; lastKnownFileType = sourcecode.swift; path = CustomerMainTableViewController.swift; sourceTree = "<group>"; };
		B29FCD8327411B7D00FD2DB0 /* CustomerCRUViewController.swift */ = {isa = PBXFileReference; lastKnownFileType = sourcecode.swift; path = CustomerCRUViewController.swift; sourceTree = "<group>"; };
		B29FCD862741258500FD2DB0 /* StockMainTableViewController.swift */ = {isa = PBXFileReference; lastKnownFileType = sourcecode.swift; path = StockMainTableViewController.swift; sourceTree = "<group>"; };
		B29FCD88274125CB00FD2DB0 /* StockCRUViewController.swift */ = {isa = PBXFileReference; lastKnownFileType = sourcecode.swift; path = StockCRUViewController.swift; sourceTree = "<group>"; };
		B29FCD8A274126AF00FD2DB0 /* Stock.swift */ = {isa = PBXFileReference; lastKnownFileType = sourcecode.swift; path = Stock.swift; sourceTree = "<group>"; };
		B2C72EBC2742E6E0005411F8 /* Order.swift */ = {isa = PBXFileReference; lastKnownFileType = sourcecode.swift; path = Order.swift; sourceTree = "<group>"; };
		B2C72EBE2742F662005411F8 /* SearchStockViewController.swift */ = {isa = PBXFileReference; lastKnownFileType = sourcecode.swift; path = SearchStockViewController.swift; sourceTree = "<group>"; };
		B2C72EC0274301CF005411F8 /* SearchStockResultsTableViewCell.swift */ = {isa = PBXFileReference; lastKnownFileType = sourcecode.swift; path = SearchStockResultsTableViewCell.swift; sourceTree = "<group>"; };
		B2C72EC527431D40005411F8 /* OrderMainTableViewController.swift */ = {isa = PBXFileReference; lastKnownFileType = sourcecode.swift; path = OrderMainTableViewController.swift; sourceTree = "<group>"; };
		B2C72EC7274322FC005411F8 /* OrderCreateViewController.swift */ = {isa = PBXFileReference; lastKnownFileType = sourcecode.swift; path = OrderCreateViewController.swift; sourceTree = "<group>"; };
		B2C72EC927447D5D005411F8 /* OrderDetailViewController.swift */ = {isa = PBXFileReference; lastKnownFileType = sourcecode.swift; path = OrderDetailViewController.swift; sourceTree = "<group>"; };
/* End PBXFileReference section */

/* Begin PBXFrameworksBuildPhase section */
		B29FCD4F2740DC3600FD2DB0 /* Frameworks */ = {
			isa = PBXFrameworksBuildPhase;
			buildActionMask = 2147483647;
			files = (
			);
			runOnlyForDeploymentPostprocessing = 0;
		};
/* End PBXFrameworksBuildPhase section */

/* Begin PBXGroup section */
		B29FCD492740DC3600FD2DB0 = {
			isa = PBXGroup;
			children = (
				B29FCD542740DC3600FD2DB0 /* assignment8 */,
				B29FCD532740DC3600FD2DB0 /* Products */,
			);
			sourceTree = "<group>";
		};
		B29FCD532740DC3600FD2DB0 /* Products */ = {
			isa = PBXGroup;
			children = (
				B29FCD522740DC3600FD2DB0 /* assignment8.app */,
			);
			name = Products;
			sourceTree = "<group>";
		};
		B29FCD542740DC3600FD2DB0 /* assignment8 */ = {
			isa = PBXGroup;
			children = (
				B29FCD6E2740DFB300FD2DB0 /* ViewControllers */,
				B29FCD692740DC6D00FD2DB0 /* Models */,
				B29FCD552740DC3600FD2DB0 /* AppDelegate.swift */,
				B29FCD572740DC3600FD2DB0 /* SceneDelegate.swift */,
				B29FCD592740DC3600FD2DB0 /* ViewController.swift */,
				B29FCD5B2740DC3600FD2DB0 /* Main.storyboard */,
				B29FCD5E2740DC3A00FD2DB0 /* Assets.xcassets */,
				B29FCD602740DC3A00FD2DB0 /* LaunchScreen.storyboard */,
				B29FCD632740DC3A00FD2DB0 /* Info.plist */,
				B29FCD6C2740DCAD00FD2DB0 /* DataStore.swift */,
				B29FCD722740E1DD00FD2DB0 /* Extensions.swift */,
			);
			path = assignment8;
			sourceTree = "<group>";
		};
		B29FCD692740DC6D00FD2DB0 /* Models */ = {
			isa = PBXGroup;
			children = (
				B29FCD6A2740DC8600FD2DB0 /* Category.swift */,
				B29FCD7C2740EAA800FD2DB0 /* Company.swift */,
				B29FCD7E2741023C00FD2DB0 /* Customer.swift */,
				B29FCD8A274126AF00FD2DB0 /* Stock.swift */,
				B2C72EBC2742E6E0005411F8 /* Order.swift */,
			);
			path = Models;
			sourceTree = "<group>";
		};
		B29FCD6E2740DFB300FD2DB0 /* ViewControllers */ = {
			isa = PBXGroup;
			children = (
				B2C72EC227431CA7005411F8 /* Order */,
				B29FCD852741253400FD2DB0 /* Stock */,
				B29FCD802741114800FD2DB0 /* Customer */,
				B29FCD762740E7ED00FD2DB0 /* Company */,
				B29FCD6F2740DFC000FD2DB0 /* Category */,
			);
			path = ViewControllers;
			sourceTree = "<group>";
		};
		B29FCD6F2740DFC000FD2DB0 /* Category */ = {
			isa = PBXGroup;
			children = (
				B29FCD702740DFE500FD2DB0 /* CategoryMainTableViewController.swift */,
				B29FCD742740E22E00FD2DB0 /* CategoryCRUViewController.swift */,
			);
			path = Category;
			sourceTree = "<group>";
		};
		B29FCD762740E7ED00FD2DB0 /* Company */ = {
			isa = PBXGroup;
			children = (
				B29FCD772740E92F00FD2DB0 /* CompanyMainTableViewController.swift */,
				B29FCD7A2740E95F00FD2DB0 /* CompanyCRUViewController.swift */,
			);
			path = Company;
			sourceTree = "<group>";
		};
		B29FCD802741114800FD2DB0 /* Customer */ = {
			isa = PBXGroup;
			children = (
				B29FCD8127411B4B00FD2DB0 /* CustomerMainTableViewController.swift */,
				B29FCD8327411B7D00FD2DB0 /* CustomerCRUViewController.swift */,
			);
			path = Customer;
			sourceTree = "<group>";
		};
		B29FCD852741253400FD2DB0 /* Stock */ = {
			isa = PBXGroup;
			children = (
				B29FCD862741258500FD2DB0 /* StockMainTableViewController.swift */,
				B29FCD88274125CB00FD2DB0 /* StockCRUViewController.swift */,
				B2C72EBE2742F662005411F8 /* SearchStockViewController.swift */,
				B2C72EC0274301CF005411F8 /* SearchStockResultsTableViewCell.swift */,
			);
			path = Stock;
			sourceTree = "<group>";
		};
		B2C72EC227431CA7005411F8 /* Order */ = {
			isa = PBXGroup;
			children = (
				B2C72EC527431D40005411F8 /* OrderMainTableViewController.swift */,
				B2C72EC7274322FC005411F8 /* OrderCreateViewController.swift */,
				B2C72EC927447D5D005411F8 /* OrderDetailViewController.swift */,
			);
			path = Order;
			sourceTree = "<group>";
		};
/* End PBXGroup section */

/* Begin PBXNativeTarget section */
		B29FCD512740DC3600FD2DB0 /* assignment8 */ = {
			isa = PBXNativeTarget;
			buildConfigurationList = B29FCD662740DC3A00FD2DB0 /* Build configuration list for PBXNativeTarget "assignment8" */;
			buildPhases = (
				B29FCD4E2740DC3600FD2DB0 /* Sources */,
				B29FCD4F2740DC3600FD2DB0 /* Frameworks */,
				B29FCD502740DC3600FD2DB0 /* Resources */,
			);
			buildRules = (
			);
			dependencies = (
			);
			name = assignment8;
			productName = assignment8;
			productReference = B29FCD522740DC3600FD2DB0 /* assignment8.app */;
			productType = "com.apple.product-type.application";
		};
/* End PBXNativeTarget section */

/* Begin PBXProject section */
		B29FCD4A2740DC3600FD2DB0 /* Project object */ = {
			isa = PBXProject;
			attributes = {
				BuildIndependentTargetsInParallel = 1;
				LastSwiftUpdateCheck = 1310;
				LastUpgradeCheck = 1310;
				TargetAttributes = {
					B29FCD512740DC3600FD2DB0 = {
						CreatedOnToolsVersion = 13.1;
					};
				};
			};
			buildConfigurationList = B29FCD4D2740DC3600FD2DB0 /* Build configuration list for PBXProject "assignment8" */;
			compatibilityVersion = "Xcode 13.0";
			developmentRegion = en;
			hasScannedForEncodings = 0;
			knownRegions = (
				en,
				Base,
			);
			mainGroup = B29FCD492740DC3600FD2DB0;
			productRefGroup = B29FCD532740DC3600FD2DB0 /* Products */;
			projectDirPath = "";
			projectRoot = "";
			targets = (
				B29FCD512740DC3600FD2DB0 /* assignment8 */,
			);
		};
/* End PBXProject section */

/* Begin PBXResourcesBuildPhase section */
		B29FCD502740DC3600FD2DB0 /* Resources */ = {
			isa = PBXResourcesBuildPhase;
			buildActionMask = 2147483647;
			files = (
				B29FCD622740DC3A00FD2DB0 /* LaunchScreen.storyboard in Resources */,
				B29FCD5F2740DC3A00FD2DB0 /* Assets.xcassets in Resources */,
				B29FCD5D2740DC3600FD2DB0 /* Main.storyboard in Resources */,
			);
			runOnlyForDeploymentPostprocessing = 0;
		};
/* End PBXResourcesBuildPhase section */

/* Begin PBXSourcesBuildPhase section */
		B29FCD4E2740DC3600FD2DB0 /* Sources */ = {
			isa = PBXSourcesBuildPhase;
			buildActionMask = 2147483647;
			files = (
				B2C72EC627431D40005411F8 /* OrderMainTableViewController.swift in Sources */,
				B29FCD872741258500FD2DB0 /* StockMainTableViewController.swift in Sources */,
				B29FCD8B274126AF00FD2DB0 /* Stock.swift in Sources */,
				B29FCD5A2740DC3600FD2DB0 /* ViewController.swift in Sources */,
				B29FCD752740E22E00FD2DB0 /* CategoryCRUViewController.swift in Sources */,
				B29FCD562740DC3600FD2DB0 /* AppDelegate.swift in Sources */,
				B29FCD89274125CB00FD2DB0 /* StockCRUViewController.swift in Sources */,
				B29FCD7F2741023C00FD2DB0 /* Customer.swift in Sources */,
				B29FCD7B2740E95F00FD2DB0 /* CompanyCRUViewController.swift in Sources */,
				B29FCD712740DFE500FD2DB0 /* CategoryMainTableViewController.swift in Sources */,
				B29FCD582740DC3600FD2DB0 /* SceneDelegate.swift in Sources */,
				B2C72ECA27447D5D005411F8 /* OrderDetailViewController.swift in Sources */,
				B29FCD6D2740DCAD00FD2DB0 /* DataStore.swift in Sources */,
				B2C72EC1274301CF005411F8 /* SearchStockResultsTableViewCell.swift in Sources */,
				B29FCD7D2740EAA800FD2DB0 /* Company.swift in Sources */,
				B2C72EBD2742E6E0005411F8 /* Order.swift in Sources */,
				B29FCD782740E92F00FD2DB0 /* CompanyMainTableViewController.swift in Sources */,
				B2C72EBF2742F662005411F8 /* SearchStockViewController.swift in Sources */,
				B2C72EC8274322FC005411F8 /* OrderCreateViewController.swift in Sources */,
				B29FCD6B2740DC8600FD2DB0 /* Category.swift in Sources */,
				B29FCD732740E1DD00FD2DB0 /* Extensions.swift in Sources */,
				B29FCD8227411B4B00FD2DB0 /* CustomerMainTableViewController.swift in Sources */,
				B29FCD8427411B7D00FD2DB0 /* CustomerCRUViewController.swift in Sources */,
			);
			runOnlyForDeploymentPostprocessing = 0;
		};
/* End PBXSourcesBuildPhase section */

/* Begin PBXVariantGroup section */
		B29FCD5B2740DC3600FD2DB0 /* Main.storyboard */ = {
			isa = PBXVariantGroup;
			children = (
				B29FCD5C2740DC3600FD2DB0 /* Base */,
			);
			name = Main.storyboard;
			sourceTree = "<group>";
		};
		B29FCD602740DC3A00FD2DB0 /* LaunchScreen.storyboard */ = {
			isa = PBXVariantGroup;
			children = (
				B29FCD612740DC3A00FD2DB0 /* Base */,
			);
			name = LaunchScreen.storyboard;
			sourceTree = "<group>";
		};
/* End PBXVariantGroup section */

/* Begin XCBuildConfiguration section */
		B29FCD642740DC3A00FD2DB0 /* Debug */ = {
			isa = XCBuildConfiguration;
			buildSettings = {
				ALWAYS_SEARCH_USER_PATHS = NO;
				CLANG_ANALYZER_NONNULL = YES;
				CLANG_ANALYZER_NUMBER_OBJECT_CONVERSION = YES_AGGRESSIVE;
				CLANG_CXX_LANGUAGE_STANDARD = "gnu++17";
				CLANG_CXX_LIBRARY = "libc++";
				CLANG_ENABLE_MODULES = YES;
				CLANG_ENABLE_OBJC_ARC = YES;
				CLANG_ENABLE_OBJC_WEAK = YES;
				CLANG_WARN_BLOCK_CAPTURE_AUTORELEASING = YES;
				CLANG_WARN_BOOL_CONVERSION = YES;
				CLANG_WARN_COMMA = YES;
				CLANG_WARN_CONSTANT_CONVERSION = YES;
				CLANG_WARN_DEPRECATED_OBJC_IMPLEMENTATIONS = YES;
				CLANG_WARN_DIRECT_OBJC_ISA_USAGE = YES_ERROR;
				CLANG_WARN_DOCUMENTATION_COMMENTS = YES;
				CLANG_WARN_EMPTY_BODY = YES;
				CLANG_WARN_ENUM_CONVERSION = YES;
				CLANG_WARN_INFINITE_RECURSION = YES;
				CLANG_WARN_INT_CONVERSION = YES;
				CLANG_WARN_NON_LITERAL_NULL_CONVERSION = YES;
				CLANG_WARN_OBJC_IMPLICIT_RETAIN_SELF = YES;
				CLANG_WARN_OBJC_LITERAL_CONVERSION = YES;
				CLANG_WARN_OBJC_ROOT_CLASS = YES_ERROR;
				CLANG_WARN_QUOTED_INCLUDE_IN_FRAMEWORK_HEADER = YES;
				CLANG_WARN_RANGE_LOOP_ANALYSIS = YES;
				CLANG_WARN_STRICT_PROTOTYPES = YES;
				CLANG_WARN_SUSPICIOUS_MOVE = YES;
				CLANG_WARN_UNGUARDED_AVAILABILITY = YES_AGGRESSIVE;
				CLANG_WARN_UNREACHABLE_CODE = YES;
				CLANG_WARN__DUPLICATE_METHOD_MATCH = YES;
				COPY_PHASE_STRIP = NO;
				DEBUG_INFORMATION_FORMAT = dwarf;
				ENABLE_STRICT_OBJC_MSGSEND = YES;
				ENABLE_TESTABILITY = YES;
				GCC_C_LANGUAGE_STANDARD = gnu11;
				GCC_DYNAMIC_NO_PIC = NO;
				GCC_NO_COMMON_BLOCKS = YES;
				GCC_OPTIMIZATION_LEVEL = 0;
				GCC_PREPROCESSOR_DEFINITIONS = (
					"DEBUG=1",
					"$(inherited)",
				);
				GCC_WARN_64_TO_32_BIT_CONVERSION = YES;
				GCC_WARN_ABOUT_RETURN_TYPE = YES_ERROR;
				GCC_WARN_UNDECLARED_SELECTOR = YES;
				GCC_WARN_UNINITIALIZED_AUTOS = YES_AGGRESSIVE;
				GCC_WARN_UNUSED_FUNCTION = YES;
				GCC_WARN_UNUSED_VARIABLE = YES;
				IPHONEOS_DEPLOYMENT_TARGET = 15.0;
				MTL_ENABLE_DEBUG_INFO = INCLUDE_SOURCE;
				MTL_FAST_MATH = YES;
				ONLY_ACTIVE_ARCH = YES;
				SDKROOT = iphoneos;
				SWIFT_ACTIVE_COMPILATION_CONDITIONS = DEBUG;
				SWIFT_OPTIMIZATION_LEVEL = "-Onone";
			};
			name = Debug;
		};
		B29FCD652740DC3A00FD2DB0 /* Release */ = {
			isa = XCBuildConfiguration;
			buildSettings = {
				ALWAYS_SEARCH_USER_PATHS = NO;
				CLANG_ANALYZER_NONNULL = YES;
				CLANG_ANALYZER_NUMBER_OBJECT_CONVERSION = YES_AGGRESSIVE;
				CLANG_CXX_LANGUAGE_STANDARD = "gnu++17";
				CLANG_CXX_LIBRARY = "libc++";
				CLANG_ENABLE_MODULES = YES;
				CLANG_ENABLE_OBJC_ARC = YES;
				CLANG_ENABLE_OBJC_WEAK = YES;
				CLANG_WARN_BLOCK_CAPTURE_AUTORELEASING = YES;
				CLANG_WARN_BOOL_CONVERSION = YES;
				CLANG_WARN_COMMA = YES;
				CLANG_WARN_CONSTANT_CONVERSION = YES;
				CLANG_WARN_DEPRECATED_OBJC_IMPLEMENTATIONS = YES;
				CLANG_WARN_DIRECT_OBJC_ISA_USAGE = YES_ERROR;
				CLANG_WARN_DOCUMENTATION_COMMENTS = YES;
				CLANG_WARN_EMPTY_BODY = YES;
				CLANG_WARN_ENUM_CONVERSION = YES;
				CLANG_WARN_INFINITE_RECURSION = YES;
				CLANG_WARN_INT_CONVERSION = YES;
				CLANG_WARN_NON_LITERAL_NULL_CONVERSION = YES;
				CLANG_WARN_OBJC_IMPLICIT_RETAIN_SELF = YES;
				CLANG_WARN_OBJC_LITERAL_CONVERSION = YES;
				CLANG_WARN_OBJC_ROOT_CLASS = YES_ERROR;
				CLANG_WARN_QUOTED_INCLUDE_IN_FRAMEWORK_HEADER = YES;
				CLANG_WARN_RANGE_LOOP_ANALYSIS = YES;
				CLANG_WARN_STRICT_PROTOTYPES = YES;
				CLANG_WARN_SUSPICIOUS_MOVE = YES;
				CLANG_WARN_UNGUARDED_AVAILABILITY = YES_AGGRESSIVE;
				CLANG_WARN_UNREACHABLE_CODE = YES;
				CLANG_WARN__DUPLICATE_METHOD_MATCH = YES;
				COPY_PHASE_STRIP = NO;
				DEBUG_INFORMATION_FORMAT = "dwarf-with-dsym";
				ENABLE_NS_ASSERTIONS = NO;
				ENABLE_STRICT_OBJC_MSGSEND = YES;
				GCC_C_LANGUAGE_STANDARD = gnu11;
				GCC_NO_COMMON_BLOCKS = YES;
				GCC_WARN_64_TO_32_BIT_CONVERSION = YES;
				GCC_WARN_ABOUT_RETURN_TYPE = YES_ERROR;
				GCC_WARN_UNDECLARED_SELECTOR = YES;
				GCC_WARN_UNINITIALIZED_AUTOS = YES_AGGRESSIVE;
				GCC_WARN_UNUSED_FUNCTION = YES;
				GCC_WARN_UNUSED_VARIABLE = YES;
				IPHONEOS_DEPLOYMENT_TARGET = 15.0;
				MTL_ENABLE_DEBUG_INFO = NO;
				MTL_FAST_MATH = YES;
				SDKROOT = iphoneos;
				SWIFT_COMPILATION_MODE = wholemodule;
				SWIFT_OPTIMIZATION_LEVEL = "-O";
				VALIDATE_PRODUCT = YES;
			};
			name = Release;
		};
		B29FCD672740DC3A00FD2DB0 /* Debug */ = {
			isa = XCBuildConfiguration;
			buildSettings = {
				ASSETCATALOG_COMPILER_APPICON_NAME = AppIcon;
				ASSETCATALOG_COMPILER_GLOBAL_ACCENT_COLOR_NAME = AccentColor;
				CODE_SIGN_STYLE = Automatic;
				CURRENT_PROJECT_VERSION = 1;
				GENERATE_INFOPLIST_FILE = YES;
				INFOPLIST_FILE = assignment8/Info.plist;
				INFOPLIST_KEY_UIApplicationSupportsIndirectInputEvents = YES;
				INFOPLIST_KEY_UILaunchStoryboardName = LaunchScreen;
				INFOPLIST_KEY_UIMainStoryboardFile = Main;
				INFOPLIST_KEY_UISupportedInterfaceOrientations_iPad = "UIInterfaceOrientationPortrait UIInterfaceOrientationPortraitUpsideDown UIInterfaceOrientationLandscapeLeft UIInterfaceOrientationLandscapeRight";
				INFOPLIST_KEY_UISupportedInterfaceOrientations_iPhone = "UIInterfaceOrientationPortrait UIInterfaceOrientationLandscapeLeft UIInterfaceOrientationLandscapeRight";
				LD_RUNPATH_SEARCH_PATHS = (
					"$(inherited)",
					"@executable_path/Frameworks",
				);
				MARKETING_VERSION = 1.0;
				PRODUCT_BUNDLE_IDENTIFIER = deepansh.assignment8;
				PRODUCT_NAME = "$(TARGET_NAME)";
				SWIFT_EMIT_LOC_STRINGS = YES;
				SWIFT_VERSION = 5.0;
				TARGETED_DEVICE_FAMILY = "1,2";
			};
			name = Debug;
		};
		B29FCD682740DC3A00FD2DB0 /* Release */ = {
			isa = XCBuildConfiguration;
			buildSettings = {
				ASSETCATALOG_COMPILER_APPICON_NAME = AppIcon;
				ASSETCATALOG_COMPILER_GLOBAL_ACCENT_COLOR_NAME = AccentColor;
				CODE_SIGN_STYLE = Automatic;
				CURRENT_PROJECT_VERSION = 1;
				GENERATE_INFOPLIST_FILE = YES;
				INFOPLIST_FILE = assignment8/Info.plist;
				INFOPLIST_KEY_UIApplicationSupportsIndirectInputEvents = YES;
				INFOPLIST_KEY_UILaunchStoryboardName = LaunchScreen;
				INFOPLIST_KEY_UIMainStoryboardFile = Main;
				INFOPLIST_KEY_UISupportedInterfaceOrientations_iPad = "UIInterfaceOrientationPortrait UIInterfaceOrientationPortraitUpsideDown UIInterfaceOrientationLandscapeLeft UIInterfaceOrientationLandscapeRight";
				INFOPLIST_KEY_UISupportedInterfaceOrientations_iPhone = "UIInterfaceOrientationPortrait UIInterfaceOrientationLandscapeLeft UIInterfaceOrientationLandscapeRight";
				LD_RUNPATH_SEARCH_PATHS = (
					"$(inherited)",
					"@executable_path/Frameworks",
				);
				MARKETING_VERSION = 1.0;
				PRODUCT_BUNDLE_IDENTIFIER = deepansh.assignment8;
				PRODUCT_NAME = "$(TARGET_NAME)";
				SWIFT_EMIT_LOC_STRINGS = YES;
				SWIFT_VERSION = 5.0;
				TARGETED_DEVICE_FAMILY = "1,2";
			};
			name = Release;
		};
/* End XCBuildConfiguration section */

/* Begin XCConfigurationList section */
		B29FCD4D2740DC3600FD2DB0 /* Build configuration list for PBXProject "assignment8" */ = {
			isa = XCConfigurationList;
			buildConfigurations = (
				B29FCD642740DC3A00FD2DB0 /* Debug */,
				B29FCD652740DC3A00FD2DB0 /* Release */,
			);
			defaultConfigurationIsVisible = 0;
			defaultConfigurationName = Release;
		};
		B29FCD662740DC3A00FD2DB0 /* Build configuration list for PBXNativeTarget "assignment8" */ = {
			isa = XCConfigurationList;
			buildConfigurations = (
				B29FCD672740DC3A00FD2DB0 /* Debug */,
				B29FCD682740DC3A00FD2DB0 /* Release */,
			);
			defaultConfigurationIsVisible = 0;
			defaultConfigurationName = Release;
		};
/* End XCConfigurationList section */
	};
	rootObject = B29FCD4A2740DC3600FD2DB0 /* Project object */;
}
